
Microsoft Visual Studio Solution File, Format Version 12.00
# Visual Studio Version 17
VisualStudioVersion = 17.3.32804.467
MinimumVisualStudioVersion = 10.0.40219.1
Project("{9A19103F-16F7-4668-BE54-9A1E7A4F7556}") = "Sparky", "Sparky\Sparky.csproj", "{81464808-2625-4EC1-A3CC-1D376E1DF42F}"
EndProject
Project("{9A19103F-16F7-4668-BE54-9A1E7A4F7556}") = "SparkyMSTest", "SparkyMSTest\SparkyMSTest.csproj", "{0C993DFF-6966-431D-98F0-A575E6ED2E69}"
EndProject
Project("{9A19103F-16F7-4668-BE54-9A1E7A4F7556}") = "SparkyNUnitTest", "SparkyNUnitTest\SparkyNUnitTest.csproj", "{2309751C-B9C6-4A34-846F-740176229D42}"
EndProject
Project("{2150E333-8FDC-42A3-9474-1A3956D46DE8}") = "Docs", "Docs", "{F445B1C9-1FE1-40E0-BFEC-0C126E326806}"
	ProjectSection(SolutionItems) = preProject
		Docs\TextFile1.txt = Docs\TextFile1.txt
	EndProjectSection
EndProject
Project("{2150E333-8FDC-42A3-9474-1A3956D46DE8}") = "Solution Items", "Solution Items", "{5DEA6C27-56C8-4357-A0B4-D90E9B19D776}"
EndProject
Project("{9A19103F-16F7-4668-BE54-9A1E7A4F7556}") = "SparkyXUnit", "SparkyXUnit\SparkyXUnit.csproj", "{5BCABE81-B0BB-4594-9A35-8CEEE5AC54CC}"
EndProject
Project("{2150E333-8FDC-42A3-9474-1A3956D46DE8}") = "Basic foundation", "Basic foundation", "{4A921852-674A-4B5F-99C5-78AEB4207EE4}"
EndProject
Project("{2150E333-8FDC-42A3-9474-1A3956D46DE8}") = "BongoWeb", "BongoWeb", "{9F3331B6-4902-4ABD-BD71-5E2A713086F9}"
EndProject
Project("{9A19103F-16F7-4668-BE54-9A1E7A4F7556}") = "Bongo.Web", "..\..\resources\course_20\71 Sparky Unit Testing\Snippets\Section 7\Bongo_InitialSetup (.NET 6)\Bongo.Web\Bongo.Web.csproj", "{94A2A8C9-BC5C-4C8F-A099-6C4541172B20}"
EndProject
Project("{9A19103F-16F7-4668-BE54-9A1E7A4F7556}") = "Bongo.Models", "..\..\resources\course_20\71 Sparky Unit Testing\Snippets\Section 7\Bongo_InitialSetup (.NET 6)\Bongo.Models\Bongo.Models.csproj", "{B8E85EEC-7A32-4ABA-8DF8-45C40C40C710}"
EndProject
Project("{9A19103F-16F7-4668-BE54-9A1E7A4F7556}") = "Bongo.DataAccess", "..\..\resources\course_20\71 Sparky Unit Testing\Snippets\Section 7\Bongo_InitialSetup (.NET 6)\Bongo.DataAccess\Bongo.DataAccess.csproj", "{B2D65DE7-3B1C-4A10-969B-1F7BC5B957CA}"
EndProject
Project("{9A19103F-16F7-4668-BE54-9A1E7A4F7556}") = "Bongo.Core", "..\..\resources\course_20\71 Sparky Unit Testing\Snippets\Section 7\Bongo_InitialSetup (.NET 6)\Bongo.Core\Bongo.Core.csproj", "{E9905CD5-7392-4ADD-A6B5-4A776830BC94}"
EndProject
Project("{9A19103F-16F7-4668-BE54-9A1E7A4F7556}") = "Bongo.Models.Tests", "Bongo_InitialSetup (.NET 6)\Bongo.Models.Tests\Bongo.Models.Tests.csproj", "{8D0FB8F0-E2C7-4AE2-8A06-ADEE3E1557B3}"
EndProject
Project("{9A19103F-16F7-4668-BE54-9A1E7A4F7556}") = "Bongo.DataAccess.Tests", "Bongo_InitialSetup (.NET 6)\Bongo.DataAccess.Tests\Bongo.DataAccess.Tests.csproj", "{7F2BDBBF-914C-4D1B-BFB4-58CADCF2EAC3}"
EndProject
Project("{9A19103F-16F7-4668-BE54-9A1E7A4F7556}") = "Bongo.Core.Tests", "Bongo_InitialSetup (.NET 6)\Bongo.Core.Tests\Bongo.Core.Tests.csproj", "{97E27BBF-934D-475B-9287-94193A988E9C}"
EndProject
Project("{FAE04EC0-301F-11D3-BF4B-00C04F79EFBC}") = "Bongo.Web.Test", "Bongo.Web.Test\Bongo.Web.Test.csproj", "{EFD28833-23D8-48C4-AE32-2852637EB53D}"
EndProject
Global
	GlobalSection(SolutionConfigurationPlatforms) = preSolution
		Debug|Any CPU = Debug|Any CPU
		Release|Any CPU = Release|Any CPU
	EndGlobalSection
	GlobalSection(ProjectConfigurationPlatforms) = postSolution
		{81464808-2625-4EC1-A3CC-1D376E1DF42F}.Debug|Any CPU.ActiveCfg = Debug|Any CPU
		{81464808-2625-4EC1-A3CC-1D376E1DF42F}.Debug|Any CPU.Build.0 = Debug|Any CPU
		{81464808-2625-4EC1-A3CC-1D376E1DF42F}.Release|Any CPU.ActiveCfg = Release|Any CPU
		{81464808-2625-4EC1-A3CC-1D376E1DF42F}.Release|Any CPU.Build.0 = Release|Any CPU
		{0C993DFF-6966-431D-98F0-A575E6ED2E69}.Debug|Any CPU.ActiveCfg = Debug|Any CPU
		{0C993DFF-6966-431D-98F0-A575E6ED2E69}.Debug|Any CPU.Build.0 = Debug|Any CPU
		{0C993DFF-6966-431D-98F0-A575E6ED2E69}.Release|Any CPU.ActiveCfg = Release|Any CPU
		{0C993DFF-6966-431D-98F0-A575E6ED2E69}.Release|Any CPU.Build.0 = Release|Any CPU
		{2309751C-B9C6-4A34-846F-740176229D42}.Debug|Any CPU.ActiveCfg = Debug|Any CPU
		{2309751C-B9C6-4A34-846F-740176229D42}.Debug|Any CPU.Build.0 = Debug|Any CPU
		{2309751C-B9C6-4A34-846F-740176229D42}.Release|Any CPU.ActiveCfg = Release|Any CPU
		{2309751C-B9C6-4A34-846F-740176229D42}.Release|Any CPU.Build.0 = Release|Any CPU
		{5BCABE81-B0BB-4594-9A35-8CEEE5AC54CC}.Debug|Any CPU.ActiveCfg = Debug|Any CPU
		{5BCABE81-B0BB-4594-9A35-8CEEE5AC54CC}.Debug|Any CPU.Build.0 = Debug|Any CPU
		{5BCABE81-B0BB-4594-9A35-8CEEE5AC54CC}.Release|Any CPU.ActiveCfg = Release|Any CPU
		{5BCABE81-B0BB-4594-9A35-8CEEE5AC54CC}.Release|Any CPU.Build.0 = Release|Any CPU
		{94A2A8C9-BC5C-4C8F-A099-6C4541172B20}.Debug|Any CPU.ActiveCfg = Debug|Any CPU
		{94A2A8C9-BC5C-4C8F-A099-6C4541172B20}.Debug|Any CPU.Build.0 = Debug|Any CPU
		{94A2A8C9-BC5C-4C8F-A099-6C4541172B20}.Release|Any CPU.ActiveCfg = Release|Any CPU
		{94A2A8C9-BC5C-4C8F-A099-6C4541172B20}.Release|Any CPU.Build.0 = Release|Any CPU
		{B8E85EEC-7A32-4ABA-8DF8-45C40C40C710}.Debug|Any CPU.ActiveCfg = Debug|Any CPU
		{B8E85EEC-7A32-4ABA-8DF8-45C40C40C710}.Debug|Any CPU.Build.0 = Debug|Any CPU
		{B8E85EEC-7A32-4ABA-8DF8-45C40C40C710}.Release|Any CPU.ActiveCfg = Release|Any CPU
		{B8E85EEC-7A32-4ABA-8DF8-45C40C40C710}.Release|Any CPU.Build.0 = Release|Any CPU
		{B2D65DE7-3B1C-4A10-969B-1F7BC5B957CA}.Debug|Any CPU.ActiveCfg = Debug|Any CPU
		{B2D65DE7-3B1C-4A10-969B-1F7BC5B957CA}.Debug|Any CPU.Build.0 = Debug|Any CPU
		{B2D65DE7-3B1C-4A10-969B-1F7BC5B957CA}.Release|Any CPU.ActiveCfg = Release|Any CPU
		{B2D65DE7-3B1C-4A10-969B-1F7BC5B957CA}.Release|Any CPU.Build.0 = Release|Any CPU
		{E9905CD5-7392-4ADD-A6B5-4A776830BC94}.Debug|Any CPU.ActiveCfg = Debug|Any CPU
		{E9905CD5-7392-4ADD-A6B5-4A776830BC94}.Debug|Any CPU.Build.0 = Debug|Any CPU
		{E9905CD5-7392-4ADD-A6B5-4A776830BC94}.Release|Any CPU.ActiveCfg = Release|Any CPU
		{E9905CD5-7392-4ADD-A6B5-4A776830BC94}.Release|Any CPU.Build.0 = Release|Any CPU
		{8D0FB8F0-E2C7-4AE2-8A06-ADEE3E1557B3}.Debug|Any CPU.ActiveCfg = Debug|Any CPU
		{8D0FB8F0-E2C7-4AE2-8A06-ADEE3E1557B3}.Debug|Any CPU.Build.0 = Debug|Any CPU
		{8D0FB8F0-E2C7-4AE2-8A06-ADEE3E1557B3}.Release|Any CPU.ActiveCfg = Release|Any CPU
		{8D0FB8F0-E2C7-4AE2-8A06-ADEE3E1557B3}.Release|Any CPU.Build.0 = Release|Any CPU
		{7F2BDBBF-914C-4D1B-BFB4-58CADCF2EAC3}.Debug|Any CPU.ActiveCfg = Debug|Any CPU
		{7F2BDBBF-914C-4D1B-BFB4-58CADCF2EAC3}.Debug|Any CPU.Build.0 = Debug|Any CPU
		{7F2BDBBF-914C-4D1B-BFB4-58CADCF2EAC3}.Release|Any CPU.ActiveCfg = Release|Any CPU
		{7F2BDBBF-914C-4D1B-BFB4-58CADCF2EAC3}.Release|Any CPU.Build.0 = Release|Any CPU
		{97E27BBF-934D-475B-9287-94193A988E9C}.Debug|Any CPU.ActiveCfg = Debug|Any CPU
		{97E27BBF-934D-475B-9287-94193A988E9C}.Debug|Any CPU.Build.0 = Debug|Any CPU
		{97E27BBF-934D-475B-9287-94193A988E9C}.Release|Any CPU.ActiveCfg = Release|Any CPU
		{97E27BBF-934D-475B-9287-94193A988E9C}.Release|Any CPU.Build.0 = Release|Any CPU
		{EFD28833-23D8-48C4-AE32-2852637EB53D}.Debug|Any CPU.ActiveCfg = Debug|Any CPU
		{EFD28833-23D8-48C4-AE32-2852637EB53D}.Debug|Any CPU.Build.0 = Debug|Any CPU
		{EFD28833-23D8-48C4-AE32-2852637EB53D}.Release|Any CPU.ActiveCfg = Release|Any CPU
		{EFD28833-23D8-48C4-AE32-2852637EB53D}.Release|Any CPU.Build.0 = Release|Any CPU
	EndGlobalSection
	GlobalSection(SolutionProperties) = preSolution
		HideSolutionNode = FALSE
	EndGlobalSection
	GlobalSection(NestedProjects) = preSolution
		{81464808-2625-4EC1-A3CC-1D376E1DF42F} = {4A921852-674A-4B5F-99C5-78AEB4207EE4}
		{0C993DFF-6966-431D-98F0-A575E6ED2E69} = {4A921852-674A-4B5F-99C5-78AEB4207EE4}
		{2309751C-B9C6-4A34-846F-740176229D42} = {4A921852-674A-4B5F-99C5-78AEB4207EE4}
		{5BCABE81-B0BB-4594-9A35-8CEEE5AC54CC} = {4A921852-674A-4B5F-99C5-78AEB4207EE4}
		{94A2A8C9-BC5C-4C8F-A099-6C4541172B20} = {9F3331B6-4902-4ABD-BD71-5E2A713086F9}
		{B8E85EEC-7A32-4ABA-8DF8-45C40C40C710} = {9F3331B6-4902-4ABD-BD71-5E2A713086F9}
		{B2D65DE7-3B1C-4A10-969B-1F7BC5B957CA} = {9F3331B6-4902-4ABD-BD71-5E2A713086F9}
		{E9905CD5-7392-4ADD-A6B5-4A776830BC94} = {9F3331B6-4902-4ABD-BD71-5E2A713086F9}
		{8D0FB8F0-E2C7-4AE2-8A06-ADEE3E1557B3} = {9F3331B6-4902-4ABD-BD71-5E2A713086F9}
		{7F2BDBBF-914C-4D1B-BFB4-58CADCF2EAC3} = {9F3331B6-4902-4ABD-BD71-5E2A713086F9}
		{97E27BBF-934D-475B-9287-94193A988E9C} = {9F3331B6-4902-4ABD-BD71-5E2A713086F9}
		{EFD28833-23D8-48C4-AE32-2852637EB53D} = {9F3331B6-4902-4ABD-BD71-5E2A713086F9}
	EndGlobalSection
	GlobalSection(ExtensibilityGlobals) = postSolution
		SolutionGuid = {42EF8487-4211-4D30-B6D1-67D49DFBF0CA}
	EndGlobalSection
EndGlobal
